
Microsoft Visual Studio Solution File, Format Version 12.00
# Visual Studio Version 17
VisualStudioVersion = 17.9.34728.123
MinimumVisualStudioVersion = 10.0.40219.1
Project("{FAE04EC0-301F-11D3-BF4B-00C04F79EFBC}") = "ITIDB_.net_WebApi", "ITIDB_.net_WebApi.csproj", "{1106C742-B356-438D-AE50-A499F9825DE8}"
EndProject
Global
	GlobalSection(SolutionConfigurationPlatforms) = preSolution
		Debug|Any CPU = Debug|Any CPU
		Release|Any CPU = Release|Any CPU
	EndGlobalSection
	GlobalSection(ProjectConfigurationPlatforms) = postSolution
		{1106C742-B356-438D-AE50-A499F9825DE8}.Debug|Any CPU.ActiveCfg = Debug|Any CPU
		{1106C742-B356-438D-AE50-A499F9825DE8}.Debug|Any CPU.Build.0 = Debug|Any CPU
		{1106C742-B356-438D-AE50-A499F9825DE8}.Release|Any CPU.ActiveCfg = Release|Any CPU
		{1106C742-B356-438D-AE50-A499F9825DE8}.Release|Any CPU.Build.0 = Release|Any CPU
	EndGlobalSection
	GlobalSection(SolutionProperties) = preSolution
		HideSolutionNode = FALSE
	EndGlobalSection
	GlobalSection(ExtensibilityGlobals) = postSolution
		SolutionGuid = {17FCDCD0-0E41-4095-9BE4-471BE995A15F}
	EndGlobalSection
EndGlobal
